
Microsoft Visual Studio Solution File, Format Version 12.00
# Visual Studio Version 17
VisualStudioVersion = 17.2.32630.192
MinimumVisualStudioVersion = 10.0.40219.1
Project("{FAE04EC0-301F-11D3-BF4B-00C04F79EFBC}") = "DevEnglishTutor.API", "DevEnglishTutor.API\DevEnglishTutor.API.csproj", "{15132686-5A25-43DA-B25F-C762B88FCAAE}"
EndProject
Global
	GlobalSection(SolutionConfigurationPlatforms) = preSolution
		Debug|Any CPU = Debug|Any CPU
		Release|Any CPU = Release|Any CPU
	EndGlobalSection
	GlobalSection(ProjectConfigurationPlatforms) = postSolution
		{15132686-5A25-43DA-B25F-C762B88FCAAE}.Debug|Any CPU.ActiveCfg = Debug|Any CPU
		{15132686-5A25-43DA-B25F-C762B88FCAAE}.Debug|Any CPU.Build.0 = Debug|Any CPU
		{15132686-5A25-43DA-B25F-C762B88FCAAE}.Release|Any CPU.ActiveCfg = Release|Any CPU
		{15132686-5A25-43DA-B25F-C762B88FCAAE}.Release|Any CPU.Build.0 = Release|Any CPU
	EndGlobalSection
	GlobalSection(SolutionProperties) = preSolution
		HideSolutionNode = FALSE
	EndGlobalSection
	GlobalSection(ExtensibilityGlobals) = postSolution
		SolutionGuid = {E635A484-9973-4A1F-ACEE-DB08AD459B11}
	EndGlobalSection
EndGlobal
